
Microsoft Visual Studio Solution File, Format Version 11.00
# Visual C++ Express 2010
Project("{8BC9CEB8-8B4A-11D0-8D11-00A0C91BC942}") = "test_10_17", "test_10_17\test_10_17.vcxproj", "{EFDE45EB-28BF-44A2-8A47-64B1709C9306}"
EndProject
Global
	GlobalSection(SolutionConfigurationPlatforms) = preSolution
		Debug|Win32 = Debug|Win32
		Release|Win32 = Release|Win32
	EndGlobalSection
	GlobalSection(ProjectConfigurationPlatforms) = postSolution
		{EFDE45EB-28BF-44A2-8A47-64B1709C9306}.Debug|Win32.ActiveCfg = Debug|Win32
		{EFDE45EB-28BF-44A2-8A47-64B1709C9306}.Debug|Win32.Build.0 = Debug|Win32
		{EFDE45EB-28BF-44A2-8A47-64B1709C9306}.Release|Win32.ActiveCfg = Release|Win32
		{EFDE45EB-28BF-44A2-8A47-64B1709C9306}.Release|Win32.Build.0 = Release|Win32
	EndGlobalSection
	GlobalSection(SolutionProperties) = preSolution
		HideSolutionNode = FALSE
	EndGlobalSection
EndGlobal
